{
  "name": "newapp",
  "version": "1.0.0",
  "lockfileVersion": 1,
  "requires": true,
  "dependencies": {
    "@vertx/core": {
      "version": "3.8.4",
      "resolved": "https://registry.npm.taobao.org/@vertx/core/download/@vertx/core-3.8.4.tgz",
      "integrity": "sha1-8M99FZPQzN2ThsVCL91ApgPrtbA="
    },
    "@vertx/unit": {
      "version": "3.8.4",
      "resolved": "https://registry.npm.taobao.org/@vertx/unit/download/@vertx/unit-3.8.4.tgz",
      "integrity": "sha1-Sj4lSqJrxLQRoCPOC2Kac4n07d4=",
      "dev": true,
      "requires": {
        "@vertx/core": "3.8.4"
      }
    }
  }
}
